
Microsoft Visual Studio Solution File, Format Version 12.00
# Visual Studio Version 16
VisualStudioVersion = 16.0.31702.278
MinimumVisualStudioVersion = 10.0.40219.1
Project("{FAE04EC0-301F-11D3-BF4B-00C04F79EFBC}") = "Webszolgáltatás", "Webszolgáltatás\Webszolgáltatás.csproj", "{CD3AFEBF-8475-4E7A-88B1-E7C5CE8CF550}"
EndProject
Global
	GlobalSection(SolutionConfigurationPlatforms) = preSolution
		Debug|Any CPU = Debug|Any CPU
		Release|Any CPU = Release|Any CPU
	EndGlobalSection
	GlobalSection(ProjectConfigurationPlatforms) = postSolution
		{CD3AFEBF-8475-4E7A-88B1-E7C5CE8CF550}.Debug|Any CPU.ActiveCfg = Debug|Any CPU
		{CD3AFEBF-8475-4E7A-88B1-E7C5CE8CF550}.Debug|Any CPU.Build.0 = Debug|Any CPU
		{CD3AFEBF-8475-4E7A-88B1-E7C5CE8CF550}.Release|Any CPU.ActiveCfg = Release|Any CPU
		{CD3AFEBF-8475-4E7A-88B1-E7C5CE8CF550}.Release|Any CPU.Build.0 = Release|Any CPU
	EndGlobalSection
	GlobalSection(SolutionProperties) = preSolution
		HideSolutionNode = FALSE
	EndGlobalSection
	GlobalSection(ExtensibilityGlobals) = postSolution
		SolutionGuid = {C1E8482F-4648-4F7D-910F-AF215F1C864E}
	EndGlobalSection
EndGlobal
